
Microsoft Visual Studio Solution File, Format Version 12.00
# Visual Studio 15
VisualStudioVersion = 15.0.28307.421
MinimumVisualStudioVersion = 10.0.40219.1
Project("{9A19103F-16F7-4668-BE54-9A1E7A4F7556}") = "WindowsExecutables_v2.0", "WindowsExecutables_v2.0\WindowsExecutables_v2.0.csproj", "{FA4A7BD5-4717-4A62-9114-6E8E8F25E80A}"
EndProject
Project("{54435603-DBB4-11D2-8724-00A0C9A8B90C}") = "ShutDownSetup", "ShutDownSetup\ShutDownSetup.vdproj", "{A586D756-96B6-4ABC-AABD-E9E47759E50D}"
EndProject
Global
	GlobalSection(SolutionConfigurationPlatforms) = preSolution
		Debug|Any CPU = Debug|Any CPU
		Release|Any CPU = Release|Any CPU
	EndGlobalSection
	GlobalSection(ProjectConfigurationPlatforms) = postSolution
		{FA4A7BD5-4717-4A62-9114-6E8E8F25E80A}.Debug|Any CPU.ActiveCfg = Debug|Any CPU
		{FA4A7BD5-4717-4A62-9114-6E8E8F25E80A}.Debug|Any CPU.Build.0 = Debug|Any CPU
		{FA4A7BD5-4717-4A62-9114-6E8E8F25E80A}.Release|Any CPU.ActiveCfg = Release|Any CPU
		{FA4A7BD5-4717-4A62-9114-6E8E8F25E80A}.Release|Any CPU.Build.0 = Release|Any CPU
		{A586D756-96B6-4ABC-AABD-E9E47759E50D}.Debug|Any CPU.ActiveCfg = Debug
		{A586D756-96B6-4ABC-AABD-E9E47759E50D}.Release|Any CPU.ActiveCfg = Release
	EndGlobalSection
	GlobalSection(SolutionProperties) = preSolution
		HideSolutionNode = FALSE
	EndGlobalSection
	GlobalSection(ExtensibilityGlobals) = postSolution
		SolutionGuid = {AAD3B09B-C0E0-49EF-8DE3-0A505DA86591}
	EndGlobalSection
EndGlobal
